
Microsoft Visual Studio Solution File, Format Version 12.00
# Visual Studio Version 17
VisualStudioVersion = 17.0.31903.59
MinimumVisualStudioVersion = 10.0.40219.1
Project("{2150E333-8FDC-42A3-9474-1A3956D46DE8}") = "src", "src", "{95B86B70-3991-454E-A9B9-00C22D4C5BC3}"
EndProject
Project("{FAE04EC0-301F-11D3-BF4B-00C04F79EFBC}") = "IdentityServer", "src\IdentityServer\IdentityServer.csproj", "{B2523F61-F90E-4B1F-8B00-5BCF3871A261}"
EndProject
Global
	GlobalSection(SolutionConfigurationPlatforms) = preSolution
		Debug|Any CPU = Debug|Any CPU
		Release|Any CPU = Release|Any CPU
	EndGlobalSection
	GlobalSection(SolutionProperties) = preSolution
		HideSolutionNode = FALSE
	EndGlobalSection
	GlobalSection(ProjectConfigurationPlatforms) = postSolution
		{B2523F61-F90E-4B1F-8B00-5BCF3871A261}.Debug|Any CPU.ActiveCfg = Debug|Any CPU
		{B2523F61-F90E-4B1F-8B00-5BCF3871A261}.Debug|Any CPU.Build.0 = Debug|Any CPU
		{B2523F61-F90E-4B1F-8B00-5BCF3871A261}.Release|Any CPU.ActiveCfg = Release|Any CPU
		{B2523F61-F90E-4B1F-8B00-5BCF3871A261}.Release|Any CPU.Build.0 = Release|Any CPU
	EndGlobalSection
	GlobalSection(NestedProjects) = preSolution
		{B2523F61-F90E-4B1F-8B00-5BCF3871A261} = {95B86B70-3991-454E-A9B9-00C22D4C5BC3}
	EndGlobalSection
EndGlobal
